// !$*UTF8*$!
{
	archiveVersion = 1;
	classes = {
	};
	objectVersion = 54;
	objects = {

/* Begin PBXBuildFile section */
		A10000012B9A1E0000000001 /* NovetusCore.swift in Sources */ = {isa = PBXBuildFile; fileRef = B10000012B9A1E0000000001 /* NovetusCore.swift */; };
		A10000022B9A1E0000000002 /* NovetusEngineBridge.mm in Sources */ = {isa = PBXBuildFile; fileRef = B10000022B9A1E0000000002 /* NovetusEngineBridge.mm */; };
		A10000032B9A1E0000000003 /* ViewController.swift in Sources */ = {isa = PBXBuildFile; fileRef = B10000032B9A1E0000000003 /* ViewController.swift */; };
/* End PBXBuildFile section */

/* Begin PBXFileReference section */
		100000002B9A1E0000000000 /* Novetus_iOS.app */ = {isa = PBXFileReference; explicitFileType = wrapper.application; includeInIndex = 0; path = Novetus_iOS.app; sourceTree = BUILT_PRODUCTS_DIR; };
		B10000012B9A1E0000000001 /* NovetusCore.swift */ = {isa = PBXFileReference; lastKnownFileType = sourcecode.swift; name = NovetusCore.swift; path = Sources/NovetusCore.swift; sourceTree = "<group>"; };
		B10000022B9A1E0000000002 /* NovetusEngineBridge.mm */ = {isa = PBXFileReference; lastKnownFileType = sourcecode.cpp.objcpp; name = NovetusEngineBridge.mm; path = Sources/NovetusEngineBridge.mm; sourceTree = "<group>"; };
		B10000032B9A1E0000000003 /* ViewController.swift */ = {isa = PBXFileReference; lastKnownFileType = sourcecode.swift; name = ViewController.swift; path = Sources/ViewController.swift; sourceTree = "<group>"; };
/* End PBXFileReference section */

/* Begin PBXFrameworksBuildPhase section */
		D10000002B9A1E0000000000 /* Frameworks */ = {
			isa = PBXFrameworksBuildPhase;
			buildActionMask = 2147483647;
			files = (
			);
			runOnlyForDeploymentPostprocessing = 0;
		};
/* End PBXFrameworksBuildPhase section */

/* Begin PBXGroup section */
		C10000002B9A1E0000000000 = {
			isa = PBXGroup;
			children = (
				B10000012B9A1E0000000001 /* NovetusCore.swift */,
				B10000022B9A1E0000000002 /* NovetusEngineBridge.mm */,
				B10000032B9A1E0000000003 /* ViewController.swift */,
				100000002B9A1E0000000000 /* Novetus_iOS.app */,
			);
			sourceTree = "<group>";
		};
/* End PBXGroup section */

/* Begin PBXNativeTarget section */
		E10000002B9A1E0000000000 /* Novetus_iOS */ = {
			isa = PBXNativeTarget;
			buildConfigurationList = F10000002B9A1E0000000000 /* Build configuration list for PBXNativeTarget "Novetus_iOS" */;
			buildPhases = (
				D10000002B9A1E0000000001 /* Sources */,
				D10000002B9A1E0000000000 /* Frameworks */,
			);
			buildRules = (
			);
			dependencies = (
			);
			name = Novetus_iOS;
			productName = Novetus_iOS;
			productReference = 100000002B9A1E0000000000 /* Novetus_iOS.app */;
			productType = "com.apple.product-type.application";
		};
/* End PBXNativeTarget section */

/* Begin PBXProject section */
		910000002B9A1E0000000000 /* Project object */ = {
			isa = PBXProject;
			attributes = {
				BuildIndependentTargetsInParallel = YES;
				LastUpgradeCheck = 1400;
				TargetAttributes = {
					E10000002B9A1E0000000000 = {
						CreatedOnToolsVersion = 14.0;
					};
				};
			};
			buildConfigurationList = G10000002B9A1E0000000000 /* Build configuration list for PBXProject "Novetus_iOS" */;
			compatibilityVersion = "Xcode 14.0";
			developmentRegion = en;
			hasScannedForEncodings = 0;
			knownRegions = (
				en,
				Base,
			);
			mainGroup = C10000002B9A1E0000000000;
			productRefGroup = C10000002B9A1E0000000000;
			projectDirPath = "";
			projectRoot = "";
			targets = (
				E10000002B9A1E0000000000 /* Novetus_iOS */,
			);
		};
/* End PBXProject section */

/* Begin PBXSourcesBuildPhase section */
		D10000002B9A1E0000000001 /* Sources */ = {
			isa = PBXSourcesBuildPhase;
			buildActionMask = 2147483647;
			files = (
				A10000012B9A1E0000000001 /* NovetusCore.swift in Sources */,
				A10000022B9A1E0000000002 /* NovetusEngineBridge.mm in Sources */,
				A10000032B9A1E0000000003 /* ViewController.swift in Sources */,
			);
			runOnlyForDeploymentPostprocessing = 0;
		};
/* End PBXSourcesBuildPhase section */

/* Begin QCBuildConfiguration section */
		H10000002B9A1E0000000001 /* Debug */ = {
			isa = QCBuildConfiguration;
			buildSettings = {
				ALWAYS_SEARCH_USER_PATHS = NO;
				CLANG_ENABLE_MODULES = YES;
				CODE_SIGNING_ALLOWED = NO;
				CODE_SIGN_IDENTITY = "";
				PRODUCT_BUNDLE_IDENTIFIER = "com.novetus.ios";
				PRODUCT_NAME = "$(TARGET_NAME)";
				SWIFT_VERSION = 5.0;
				TARGETED_DEVICE_FAMILY = "1,2";
			};
			name = Debug;
		};
		H10000002B9A1E0000000002 /* Release */ = {
			isa = QCBuildConfiguration;
			buildSettings = {
				ALWAYS_SEARCH_USER_PATHS = NO;
				CLANG_ENABLE_MODULES = YES;
				CODE_SIGNING_ALLOWED = NO;
				CODE_SIGN_IDENTITY = "";
				PRODUCT_BUNDLE_IDENTIFIER = "com.novetus.ios";
				PRODUCT_NAME = "$(TARGET_NAME)";
				SWIFT_VERSION = 5.0;
				TARGETED_DEVICE_FAMILY = "1,2";
			};
			name = Release;
		};
/* End QCBuildConfiguration section */

/* Begin XCConfigurationList section */
		F10000002B9A1E0000000000 /* Build configuration list for PBXNativeTarget "Novetus_iOS" */ = {
			isa = XCConfigurationList;
			buildConfigurations = (
				H10000002B9A1E0000000001 /* Debug */,
				H10000002B9A1E0000000002 /* Release */,
			);
			defaultConfigurationIsVisible = 0;
			defaultConfigurationName = Release;
		};
		G10000002B9A1E0000000000 /* Build configuration list for PBXProject "Novetus_iOS" */ = {
			isa = XCConfigurationList;
			buildConfigurations = (
				H10000002B9A1E0000000001 /* Debug */,
				H10000002B9A1E0000000002 /* Release */,
			);
			defaultConfigurationIsVisible = 0;
			defaultConfigurationName = Release;
		};
/* End XCConfigurationList section */
	};
	rootObject = 910000002B9A1E0000000000 /* Project object */;
}
